
Microsoft Visual Studio Solution File, Format Version 12.00
# Visual Studio 15
VisualStudioVersion = 15.0.28307.572
MinimumVisualStudioVersion = 10.0.40219.1
Project("{9A19103F-16F7-4668-BE54-9A1E7A4F7556}") = "TipCalc.Core", "TipCalc\TipCalc.Core.csproj", "{80AD80D0-FEE9-4CB4-BF85-2CC990B68CEF}"
EndProject
Project("{FAE04EC0-301F-11D3-BF4B-00C04F79EFBC}") = "TipCalc.Droid", "TipCalc.Droid\TipCalc.Droid.csproj", "{DBCA4905-C46B-484F-9546-C90E97FD6000}"
EndProject
Project("{FAE04EC0-301F-11D3-BF4B-00C04F79EFBC}") = "TipCalc.iOS", "TipCalc.iOS\TipCalc.iOS.csproj", "{80A96B52-6758-4BDB-B0B4-CEA4CA155C60}"
EndProject
Global
	GlobalSection(SolutionConfigurationPlatforms) = preSolution
		Debug|Any CPU = Debug|Any CPU
		Debug|iPhone = Debug|iPhone
		Debug|iPhoneSimulator = Debug|iPhoneSimulator
		Release|Any CPU = Release|Any CPU
		Release|iPhone = Release|iPhone
		Release|iPhoneSimulator = Release|iPhoneSimulator
	EndGlobalSection
	GlobalSection(ProjectConfigurationPlatforms) = postSolution
		{80AD80D0-FEE9-4CB4-BF85-2CC990B68CEF}.Debug|Any CPU.ActiveCfg = Debug|Any CPU
		{80AD80D0-FEE9-4CB4-BF85-2CC990B68CEF}.Debug|Any CPU.Build.0 = Debug|Any CPU
		{80AD80D0-FEE9-4CB4-BF85-2CC990B68CEF}.Debug|iPhone.ActiveCfg = Debug|Any CPU
		{80AD80D0-FEE9-4CB4-BF85-2CC990B68CEF}.Debug|iPhone.Build.0 = Debug|Any CPU
		{80AD80D0-FEE9-4CB4-BF85-2CC990B68CEF}.Debug|iPhoneSimulator.ActiveCfg = Debug|Any CPU
		{80AD80D0-FEE9-4CB4-BF85-2CC990B68CEF}.Debug|iPhoneSimulator.Build.0 = Debug|Any CPU
		{80AD80D0-FEE9-4CB4-BF85-2CC990B68CEF}.Release|Any CPU.ActiveCfg = Release|Any CPU
		{80AD80D0-FEE9-4CB4-BF85-2CC990B68CEF}.Release|Any CPU.Build.0 = Release|Any CPU
		{80AD80D0-FEE9-4CB4-BF85-2CC990B68CEF}.Release|iPhone.ActiveCfg = Release|Any CPU
		{80AD80D0-FEE9-4CB4-BF85-2CC990B68CEF}.Release|iPhone.Build.0 = Release|Any CPU
		{80AD80D0-FEE9-4CB4-BF85-2CC990B68CEF}.Release|iPhoneSimulator.ActiveCfg = Release|Any CPU
		{80AD80D0-FEE9-4CB4-BF85-2CC990B68CEF}.Release|iPhoneSimulator.Build.0 = Release|Any CPU
		{DBCA4905-C46B-484F-9546-C90E97FD6000}.Debug|Any CPU.ActiveCfg = Debug|Any CPU
		{DBCA4905-C46B-484F-9546-C90E97FD6000}.Debug|Any CPU.Build.0 = Debug|Any CPU
		{DBCA4905-C46B-484F-9546-C90E97FD6000}.Debug|Any CPU.Deploy.0 = Debug|Any CPU
		{DBCA4905-C46B-484F-9546-C90E97FD6000}.Debug|iPhone.ActiveCfg = Debug|Any CPU
		{DBCA4905-C46B-484F-9546-C90E97FD6000}.Debug|iPhone.Build.0 = Debug|Any CPU
		{DBCA4905-C46B-484F-9546-C90E97FD6000}.Debug|iPhone.Deploy.0 = Debug|Any CPU
		{DBCA4905-C46B-484F-9546-C90E97FD6000}.Debug|iPhoneSimulator.ActiveCfg = Debug|Any CPU
		{DBCA4905-C46B-484F-9546-C90E97FD6000}.Debug|iPhoneSimulator.Build.0 = Debug|Any CPU
		{DBCA4905-C46B-484F-9546-C90E97FD6000}.Debug|iPhoneSimulator.Deploy.0 = Debug|Any CPU
		{DBCA4905-C46B-484F-9546-C90E97FD6000}.Release|Any CPU.ActiveCfg = Release|Any CPU
		{DBCA4905-C46B-484F-9546-C90E97FD6000}.Release|Any CPU.Build.0 = Release|Any CPU
		{DBCA4905-C46B-484F-9546-C90E97FD6000}.Release|Any CPU.Deploy.0 = Release|Any CPU
		{DBCA4905-C46B-484F-9546-C90E97FD6000}.Release|iPhone.ActiveCfg = Release|Any CPU
		{DBCA4905-C46B-484F-9546-C90E97FD6000}.Release|iPhone.Build.0 = Release|Any CPU
		{DBCA4905-C46B-484F-9546-C90E97FD6000}.Release|iPhone.Deploy.0 = Release|Any CPU
		{DBCA4905-C46B-484F-9546-C90E97FD6000}.Release|iPhoneSimulator.ActiveCfg = Release|Any CPU
		{DBCA4905-C46B-484F-9546-C90E97FD6000}.Release|iPhoneSimulator.Build.0 = Release|Any CPU
		{DBCA4905-C46B-484F-9546-C90E97FD6000}.Release|iPhoneSimulator.Deploy.0 = Release|Any CPU
		{80A96B52-6758-4BDB-B0B4-CEA4CA155C60}.Debug|Any CPU.ActiveCfg = Debug|iPhone
		{80A96B52-6758-4BDB-B0B4-CEA4CA155C60}.Debug|iPhone.ActiveCfg = Debug|iPhone
		{80A96B52-6758-4BDB-B0B4-CEA4CA155C60}.Debug|iPhone.Build.0 = Debug|iPhone
		{80A96B52-6758-4BDB-B0B4-CEA4CA155C60}.Debug|iPhoneSimulator.ActiveCfg = Debug|iPhoneSimulator
		{80A96B52-6758-4BDB-B0B4-CEA4CA155C60}.Debug|iPhoneSimulator.Build.0 = Debug|iPhoneSimulator
		{80A96B52-6758-4BDB-B0B4-CEA4CA155C60}.Release|Any CPU.ActiveCfg = Release|iPhone
		{80A96B52-6758-4BDB-B0B4-CEA4CA155C60}.Release|iPhone.ActiveCfg = Release|iPhone
		{80A96B52-6758-4BDB-B0B4-CEA4CA155C60}.Release|iPhone.Build.0 = Release|iPhone
		{80A96B52-6758-4BDB-B0B4-CEA4CA155C60}.Release|iPhoneSimulator.ActiveCfg = Release|iPhoneSimulator
		{80A96B52-6758-4BDB-B0B4-CEA4CA155C60}.Release|iPhoneSimulator.Build.0 = Release|iPhoneSimulator
	EndGlobalSection
	GlobalSection(SolutionProperties) = preSolution
		HideSolutionNode = FALSE
	EndGlobalSection
	GlobalSection(ExtensibilityGlobals) = postSolution
		SolutionGuid = {076EC3AA-D35E-41CB-AFBA-74C11FFBD31E}
	EndGlobalSection
EndGlobal
